
Microsoft Visual Studio Solution File, Format Version 12.00
# Visual Studio Version 16
VisualStudioVersion = 16.0.30804.86
MinimumVisualStudioVersion = 10.0.40219.1
Project("{FAE04EC0-301F-11D3-BF4B-00C04F79EFBC}") = "CollectionDemo", "CollectionDemo\CollectionDemo.csproj", "{017260F0-358F-43F5-A89B-B84F4837C57F}"
EndProject
Global
	GlobalSection(SolutionConfigurationPlatforms) = preSolution
		Debug|Any CPU = Debug|Any CPU
		Release|Any CPU = Release|Any CPU
	EndGlobalSection
	GlobalSection(ProjectConfigurationPlatforms) = postSolution
		{017260F0-358F-43F5-A89B-B84F4837C57F}.Debug|Any CPU.ActiveCfg = Debug|Any CPU
		{017260F0-358F-43F5-A89B-B84F4837C57F}.Debug|Any CPU.Build.0 = Debug|Any CPU
		{017260F0-358F-43F5-A89B-B84F4837C57F}.Release|Any CPU.ActiveCfg = Release|Any CPU
		{017260F0-358F-43F5-A89B-B84F4837C57F}.Release|Any CPU.Build.0 = Release|Any CPU
	EndGlobalSection
	GlobalSection(SolutionProperties) = preSolution
		HideSolutionNode = FALSE
	EndGlobalSection
	GlobalSection(ExtensibilityGlobals) = postSolution
		SolutionGuid = {61FFEB08-F70A-4DD0-B941-FDBE1CD83749}
	EndGlobalSection
EndGlobal
