
Microsoft Visual Studio Solution File, Format Version 12.00
# Visual Studio Version 16
VisualStudioVersion = 16.0.30804.86
MinimumVisualStudioVersion = 10.0.40219.1
Project("{FAE04EC0-301F-11D3-BF4B-00C04F79EFBC}") = "HighLowGame", "HighLowGame\HighLowGame.csproj", "{F2BBA163-0AA5-4143-9267-B598B4B38EDF}"
EndProject
Global
	GlobalSection(SolutionConfigurationPlatforms) = preSolution
		Debug|Any CPU = Debug|Any CPU
		Release|Any CPU = Release|Any CPU
	EndGlobalSection
	GlobalSection(ProjectConfigurationPlatforms) = postSolution
		{F2BBA163-0AA5-4143-9267-B598B4B38EDF}.Debug|Any CPU.ActiveCfg = Debug|Any CPU
		{F2BBA163-0AA5-4143-9267-B598B4B38EDF}.Debug|Any CPU.Build.0 = Debug|Any CPU
		{F2BBA163-0AA5-4143-9267-B598B4B38EDF}.Release|Any CPU.ActiveCfg = Release|Any CPU
		{F2BBA163-0AA5-4143-9267-B598B4B38EDF}.Release|Any CPU.Build.0 = Release|Any CPU
	EndGlobalSection
	GlobalSection(SolutionProperties) = preSolution
		HideSolutionNode = FALSE
	EndGlobalSection
	GlobalSection(ExtensibilityGlobals) = postSolution
		SolutionGuid = {DB1192F5-7915-413F-99AF-C7C970764435}
	EndGlobalSection
EndGlobal
