
Microsoft Visual Studio Solution File, Format Version 12.00
# Visual Studio Version 16
VisualStudioVersion = 16.0.30804.86
MinimumVisualStudioVersion = 10.0.40219.1
Project("{FAE04EC0-301F-11D3-BF4B-00C04F79EFBC}") = "MyFirstPlan", "MyFirstPlan\MyFirstPlan.csproj", "{A1E147EF-996E-4102-9C6F-80858403B2EF}"
EndProject
Global
	GlobalSection(SolutionConfigurationPlatforms) = preSolution
		Debug|Any CPU = Debug|Any CPU
		Release|Any CPU = Release|Any CPU
	EndGlobalSection
	GlobalSection(ProjectConfigurationPlatforms) = postSolution
		{A1E147EF-996E-4102-9C6F-80858403B2EF}.Debug|Any CPU.ActiveCfg = Debug|Any CPU
		{A1E147EF-996E-4102-9C6F-80858403B2EF}.Debug|Any CPU.Build.0 = Debug|Any CPU
		{A1E147EF-996E-4102-9C6F-80858403B2EF}.Release|Any CPU.ActiveCfg = Release|Any CPU
		{A1E147EF-996E-4102-9C6F-80858403B2EF}.Release|Any CPU.Build.0 = Release|Any CPU
	EndGlobalSection
	GlobalSection(SolutionProperties) = preSolution
		HideSolutionNode = FALSE
	EndGlobalSection
	GlobalSection(ExtensibilityGlobals) = postSolution
		SolutionGuid = {18BD4BB9-1703-48F3-A61B-86A43400339E}
	EndGlobalSection
EndGlobal
