
Microsoft Visual Studio Solution File, Format Version 12.00
# Visual Studio Version 16
VisualStudioVersion = 16.0.30804.86
MinimumVisualStudioVersion = 10.0.40219.1
Project("{FAE04EC0-301F-11D3-BF4B-00C04F79EFBC}") = "FirstSample", "FirstSample\FirstSample.csproj", "{FF8FDF56-4B32-4BBA-BF7E-15F2CC5C144A}"
EndProject
Global
	GlobalSection(SolutionConfigurationPlatforms) = preSolution
		Debug|Any CPU = Debug|Any CPU
		Release|Any CPU = Release|Any CPU
	EndGlobalSection
	GlobalSection(ProjectConfigurationPlatforms) = postSolution
		{FF8FDF56-4B32-4BBA-BF7E-15F2CC5C144A}.Debug|Any CPU.ActiveCfg = Debug|Any CPU
		{FF8FDF56-4B32-4BBA-BF7E-15F2CC5C144A}.Debug|Any CPU.Build.0 = Debug|Any CPU
		{FF8FDF56-4B32-4BBA-BF7E-15F2CC5C144A}.Release|Any CPU.ActiveCfg = Release|Any CPU
		{FF8FDF56-4B32-4BBA-BF7E-15F2CC5C144A}.Release|Any CPU.Build.0 = Release|Any CPU
	EndGlobalSection
	GlobalSection(SolutionProperties) = preSolution
		HideSolutionNode = FALSE
	EndGlobalSection
	GlobalSection(ExtensibilityGlobals) = postSolution
		SolutionGuid = {9D47E4D8-1581-4ACC-970C-57D42A2EC4FA}
	EndGlobalSection
EndGlobal
